
Microsoft Visual Studio Solution File, Format Version 12.00
Project("{FAE04EC0-301F-11D3-BF4B-00C04F79EFBC}") = "CSharpStudy.Tests", "CSharpStudy.Tests\CSharpStudy.Tests.csproj", "{42D0FCFC-0072-4ADD-BF30-B45B46CE5D37}"
EndProject
Project("{FAE04EC0-301F-11D3-BF4B-00C04F79EFBC}") = "CSharpStudy.Render3D", "CSharpStudy.Render3D\CSharpStudy.Render3D.csproj", "{6F4646E9-7F41-4D3A-A0B3-C8F7B406898F}"
EndProject
Global
	GlobalSection(SolutionConfigurationPlatforms) = preSolution
		Debug|Any CPU = Debug|Any CPU
		Release|Any CPU = Release|Any CPU
	EndGlobalSection
	GlobalSection(ProjectConfigurationPlatforms) = postSolution
		{42D0FCFC-0072-4ADD-BF30-B45B46CE5D37}.Debug|Any CPU.ActiveCfg = Debug|Any CPU
		{42D0FCFC-0072-4ADD-BF30-B45B46CE5D37}.Debug|Any CPU.Build.0 = Debug|Any CPU
		{42D0FCFC-0072-4ADD-BF30-B45B46CE5D37}.Release|Any CPU.ActiveCfg = Release|Any CPU
		{42D0FCFC-0072-4ADD-BF30-B45B46CE5D37}.Release|Any CPU.Build.0 = Release|Any CPU
		{6F4646E9-7F41-4D3A-A0B3-C8F7B406898F}.Debug|Any CPU.ActiveCfg = Debug|Any CPU
		{6F4646E9-7F41-4D3A-A0B3-C8F7B406898F}.Debug|Any CPU.Build.0 = Debug|Any CPU
		{6F4646E9-7F41-4D3A-A0B3-C8F7B406898F}.Release|Any CPU.ActiveCfg = Release|Any CPU
		{6F4646E9-7F41-4D3A-A0B3-C8F7B406898F}.Release|Any CPU.Build.0 = Release|Any CPU
	EndGlobalSection
EndGlobal
